
Microsoft Visual Studio Solution File, Format Version 12.00
# Visual Studio Version 17
VisualStudioVersion = 17.4.33205.214
MinimumVisualStudioVersion = 10.0.40219.1
Project("{FAE04EC0-301F-11D3-BF4B-00C04F79EFBC}") = "Ilk_MVC_Proyekt", "Ilk_MVC_Proyekt\Ilk_MVC_Proyekt.csproj", "{B2540127-BA82-4FB2-9FE8-BEBF87875DB3}"
EndProject
Global
	GlobalSection(SolutionConfigurationPlatforms) = preSolution
		Debug|Any CPU = Debug|Any CPU
		Release|Any CPU = Release|Any CPU
	EndGlobalSection
	GlobalSection(ProjectConfigurationPlatforms) = postSolution
		{B2540127-BA82-4FB2-9FE8-BEBF87875DB3}.Debug|Any CPU.ActiveCfg = Debug|Any CPU
		{B2540127-BA82-4FB2-9FE8-BEBF87875DB3}.Debug|Any CPU.Build.0 = Debug|Any CPU
		{B2540127-BA82-4FB2-9FE8-BEBF87875DB3}.Release|Any CPU.ActiveCfg = Release|Any CPU
		{B2540127-BA82-4FB2-9FE8-BEBF87875DB3}.Release|Any CPU.Build.0 = Release|Any CPU
	EndGlobalSection
	GlobalSection(SolutionProperties) = preSolution
		HideSolutionNode = FALSE
	EndGlobalSection
	GlobalSection(ExtensibilityGlobals) = postSolution
		SolutionGuid = {38A44BFE-4A0A-4F6E-B542-B00FE612786C}
	EndGlobalSection
EndGlobal
